[root]
name = "android"
version = "0.1.0"
dependencies = [
 "android_glue 0.2.2 (registry+https://github.com/rust-lang/crates.io-index)",
]

[[package]]
name = "android_glue"
version = "0.2.2"
source = "registry+https://github.com/rust-lang/crates.io-index"

[metadata]
"checksum android_glue 0.2.2 (registry+https://github.com/rust-lang/crates.io-index)" = "d8289e9637439939cc92b1995b0972117905be88bc28116c86b64d6e589bcd38"
